
Microsoft Visual Studio Solution File, Format Version 12.00
# Visual Studio Version 16
VisualStudioVersion = 16.0.29102.190
MinimumVisualStudioVersion = 10.0.40219.1
Project("{FAE04EC0-301F-11D3-BF4B-00C04F79EFBC}") = "VagantePalette", "VagantePalette\VagantePalette.csproj", "{C7784789-C6C2-4FC1-807C-A525E21F1C63}"
EndProject
Global
	GlobalSection(SolutionConfigurationPlatforms) = preSolution
		Debug|Any CPU = Debug|Any CPU
		Release|Any CPU = Release|Any CPU
	EndGlobalSection
	GlobalSection(ProjectConfigurationPlatforms) = postSolution
		{C7784789-C6C2-4FC1-807C-A525E21F1C63}.Debug|Any CPU.ActiveCfg = Debug|Any CPU
		{C7784789-C6C2-4FC1-807C-A525E21F1C63}.Debug|Any CPU.Build.0 = Debug|Any CPU
		{C7784789-C6C2-4FC1-807C-A525E21F1C63}.Release|Any CPU.ActiveCfg = Release|Any CPU
		{C7784789-C6C2-4FC1-807C-A525E21F1C63}.Release|Any CPU.Build.0 = Release|Any CPU
	EndGlobalSection
	GlobalSection(SolutionProperties) = preSolution
		HideSolutionNode = FALSE
	EndGlobalSection
	GlobalSection(ExtensibilityGlobals) = postSolution
		SolutionGuid = {51C005B9-9BC1-4536-AA54-8FB8BD81AAEA}
	EndGlobalSection
EndGlobal
